
Microsoft Visual Studio Solution File, Format Version 12.00
# Visual Studio 2017
Project("{FAE04EC0-301F-11D3-BF4B-00C04F79EFBC}") = "pokemon", "pokemon.csproj", "{CC0FDBCB-F049-165F-2BD2-B8383DDBF069}"
EndProject
Project("{FAE04EC0-301F-11D3-BF4B-00C04F79EFBC}") = "pokemon.Editor", "pokemon.Editor.csproj", "{AC78EF6F-8A38-5665-9A7A-853FA915E538}"
EndProject
Global
	GlobalSection(SolutionConfigurationPlatforms) = preSolution
		Debug|Any CPU = Debug|Any CPU
		Release|Any CPU = Release|Any CPU
	EndGlobalSection
	GlobalSection(ProjectConfigurationPlatforms) = postSolution
		{CC0FDBCB-F049-165F-2BD2-B8383DDBF069}.Debug|Any CPU.ActiveCfg = Debug|Any CPU
		{CC0FDBCB-F049-165F-2BD2-B8383DDBF069}.Debug|Any CPU.Build.0 = Debug|Any CPU
		{CC0FDBCB-F049-165F-2BD2-B8383DDBF069}.Release|Any CPU.ActiveCfg = Release|Any CPU
		{CC0FDBCB-F049-165F-2BD2-B8383DDBF069}.Release|Any CPU.Build.0 = Release|Any CPU
		{AC78EF6F-8A38-5665-9A7A-853FA915E538}.Debug|Any CPU.ActiveCfg = Debug|Any CPU
		{AC78EF6F-8A38-5665-9A7A-853FA915E538}.Debug|Any CPU.Build.0 = Debug|Any CPU
		{AC78EF6F-8A38-5665-9A7A-853FA915E538}.Release|Any CPU.ActiveCfg = Release|Any CPU
		{AC78EF6F-8A38-5665-9A7A-853FA915E538}.Release|Any CPU.Build.0 = Release|Any CPU
	EndGlobalSection
	GlobalSection(SolutionProperties) = preSolution
		HideSolutionNode = FALSE
	EndGlobalSection
EndGlobal
